
Microsoft Visual Studio Solution File, Format Version 12.00
# Visual Studio 15
VisualStudioVersion = 15.0.28010.2019
MinimumVisualStudioVersion = 10.0.40219.1
Project("{FAE04EC0-301F-11D3-BF4B-00C04F79EFBC}") = "SeleccionFutbol", "SeleccionFutbol\SeleccionFutbol.csproj", "{05385DDB-E17A-4BAF-8F99-F072CCB106B5}"
EndProject
Global
	GlobalSection(SolutionConfigurationPlatforms) = preSolution
		Debug|Any CPU = Debug|Any CPU
		Release|Any CPU = Release|Any CPU
	EndGlobalSection
	GlobalSection(ProjectConfigurationPlatforms) = postSolution
		{05385DDB-E17A-4BAF-8F99-F072CCB106B5}.Debug|Any CPU.ActiveCfg = Debug|Any CPU
		{05385DDB-E17A-4BAF-8F99-F072CCB106B5}.Debug|Any CPU.Build.0 = Debug|Any CPU
		{05385DDB-E17A-4BAF-8F99-F072CCB106B5}.Release|Any CPU.ActiveCfg = Release|Any CPU
		{05385DDB-E17A-4BAF-8F99-F072CCB106B5}.Release|Any CPU.Build.0 = Release|Any CPU
	EndGlobalSection
	GlobalSection(SolutionProperties) = preSolution
		HideSolutionNode = FALSE
	EndGlobalSection
	GlobalSection(ExtensibilityGlobals) = postSolution
		SolutionGuid = {29E3507A-7B1B-4F68-9A46-E29CD59D24B5}
	EndGlobalSection
EndGlobal
